// !$*UTF8*$!
{
	archiveVersion = 1;
	classes = {
	};
	objectVersion = 48;
	objects = {

/* Begin PBXBuildFile section */
		2039D5711FD7F8E000404E6E /* AppDelegate.swift in Sources */ = {isa = PBXBuildFile; fileRef = 2039D5701FD7F8E000404E6E /* AppDelegate.swift */; };
		2039D5731FD7F8E000404E6E /* ViewController.swift in Sources */ = {isa = PBXBuildFile; fileRef = 2039D5721FD7F8E000404E6E /* ViewController.swift */; };
		2039D5761FD7F8E000404E6E /* Main.storyboard in Resources */ = {isa = PBXBuildFile; fileRef = 2039D5741FD7F8E000404E6E /* Main.storyboard */; };
		2039D5781FD7F8E000404E6E /* Assets.xcassets in Resources */ = {isa = PBXBuildFile; fileRef = 2039D5771FD7F8E000404E6E /* Assets.xcassets */; };
		2039D57B1FD7F8E000404E6E /* LaunchScreen.storyboard in Resources */ = {isa = PBXBuildFile; fileRef = 2039D5791FD7F8E000404E6E /* LaunchScreen.storyboard */; };
		2039D5831FD7F9A400404E6E /* CALayer+Animations.swift in Sources */ = {isa = PBXBuildFile; fileRef = 2039D5821FD7F9A400404E6E /* CALayer+Animations.swift */; };
		2039D5851FD7FA7C00404E6E /* ScalledCollectionView.swift in Sources */ = {isa = PBXBuildFile; fileRef = 2039D5841FD7FA7C00404E6E /* ScalledCollectionView.swift */; };
/* End PBXBuildFile section */

/* Begin PBXFileReference section */
		2039D56D1FD7F8E000404E6E /* AnimatableCollectionView.app */ = {isa = PBXFileReference; explicitFileType = wrapper.application; includeInIndex = 0; path = AnimatableCollectionView.app; sourceTree = BUILT_PRODUCTS_DIR; };
		2039D5701FD7F8E000404E6E /* AppDelegate.swift */ = {isa = PBXFileReference; lastKnownFileType = sourcecode.swift; path = AppDelegate.swift; sourceTree = "<group>"; };
		2039D5721FD7F8E000404E6E /* ViewController.swift */ = {isa = PBXFileReference; lastKnownFileType = sourcecode.swift; path = ViewController.swift; sourceTree = "<group>"; };
		2039D5751FD7F8E000404E6E /* Base */ = {isa = PBXFileReference; lastKnownFileType = file.storyboard; name = Base; path = Base.lproj/Main.storyboard; sourceTree = "<group>"; };
		2039D5771FD7F8E000404E6E /* Assets.xcassets */ = {isa = PBXFileReference; lastKnownFileType = folder.assetcatalog; path = Assets.xcassets; sourceTree = "<group>"; };
		2039D57A1FD7F8E000404E6E /* Base */ = {isa = PBXFileReference; lastKnownFileType = file.storyboard; name = Base; path = Base.lproj/LaunchScreen.storyboard; sourceTree = "<group>"; };
		2039D57C1FD7F8E000404E6E /* Info.plist */ = {isa = PBXFileReference; lastKnownFileType = text.plist.xml; path = Info.plist; sourceTree = "<group>"; };
		2039D5821FD7F9A400404E6E /* CALayer+Animations.swift */ = {isa = PBXFileReference; lastKnownFileType = sourcecode.swift; path = "CALayer+Animations.swift"; sourceTree = "<group>"; };
		2039D5841FD7FA7C00404E6E /* ScalledCollectionView.swift */ = {isa = PBXFileReference; lastKnownFileType = sourcecode.swift; path = ScalledCollectionView.swift; sourceTree = "<group>"; };
/* End PBXFileReference section */

/* Begin PBXFrameworksBuildPhase section */
		2039D56A1FD7F8E000404E6E /* Frameworks */ = {
			isa = PBXFrameworksBuildPhase;
			buildActionMask = 2147483647;
			files = (
			);
			runOnlyForDeploymentPostprocessing = 0;
		};
/* End PBXFrameworksBuildPhase section */

/* Begin PBXGroup section */
		2039D5641FD7F8E000404E6E = {
			isa = PBXGroup;
			children = (
				2039D56F1FD7F8E000404E6E /* AnimatableCollectionView */,
				2039D56E1FD7F8E000404E6E /* Products */,
			);
			sourceTree = "<group>";
		};
		2039D56E1FD7F8E000404E6E /* Products */ = {
			isa = PBXGroup;
			children = (
				2039D56D1FD7F8E000404E6E /* AnimatableCollectionView.app */,
			);
			name = Products;
			sourceTree = "<group>";
		};
		2039D56F1FD7F8E000404E6E /* AnimatableCollectionView */ = {
			isa = PBXGroup;
			children = (
				2039D5701FD7F8E000404E6E /* AppDelegate.swift */,
				2039D5721FD7F8E000404E6E /* ViewController.swift */,
				2039D5741FD7F8E000404E6E /* Main.storyboard */,
				2039D5771FD7F8E000404E6E /* Assets.xcassets */,
				2039D5791FD7F8E000404E6E /* LaunchScreen.storyboard */,
				2039D57C1FD7F8E000404E6E /* Info.plist */,
				2039D5821FD7F9A400404E6E /* CALayer+Animations.swift */,
				2039D5841FD7FA7C00404E6E /* ScalledCollectionView.swift */,
			);
			path = AnimatableCollectionView;
			sourceTree = "<group>";
		};
/* End PBXGroup section */

/* Begin PBXNativeTarget section */
		2039D56C1FD7F8E000404E6E /* AnimatableCollectionView */ = {
			isa = PBXNativeTarget;
			buildConfigurationList = 2039D57F1FD7F8E100404E6E /* Build configuration list for PBXNativeTarget "AnimatableCollectionView" */;
			buildPhases = (
				2039D5691FD7F8E000404E6E /* Sources */,
				2039D56A1FD7F8E000404E6E /* Frameworks */,
				2039D56B1FD7F8E000404E6E /* Resources */,
			);
			buildRules = (
			);
			dependencies = (
			);
			name = AnimatableCollectionView;
			productName = AnimatableCollectionView;
			productReference = 2039D56D1FD7F8E000404E6E /* AnimatableCollectionView.app */;
			productType = "com.apple.product-type.application";
		};
/* End PBXNativeTarget section */

/* Begin PBXProject section */
		2039D5651FD7F8E000404E6E /* Project object */ = {
			isa = PBXProject;
			attributes = {
				LastSwiftUpdateCheck = 0900;
				LastUpgradeCheck = 0900;
				ORGANIZATIONNAME = Muthuraj;
				TargetAttributes = {
					2039D56C1FD7F8E000404E6E = {
						CreatedOnToolsVersion = 9.0;
						ProvisioningStyle = Automatic;
					};
				};
			};
			buildConfigurationList = 2039D5681FD7F8E000404E6E /* Build configuration list for PBXProject "AnimatableCollectionView" */;
			compatibilityVersion = "Xcode 8.0";
			developmentRegion = en;
			hasScannedForEncodings = 0;
			knownRegions = (
				en,
				Base,
			);
			mainGroup = 2039D5641FD7F8E000404E6E;
			productRefGroup = 2039D56E1FD7F8E000404E6E /* Products */;
			projectDirPath = "";
			projectRoot = "";
			targets = (
				2039D56C1FD7F8E000404E6E /* AnimatableCollectionView */,
			);
		};
/* End PBXProject section */

/* Begin PBXResourcesBuildPhase section */
		2039D56B1FD7F8E000404E6E /* Resources */ = {
			isa = PBXResourcesBuildPhase;
			buildActionMask = 2147483647;
			files = (
				2039D57B1FD7F8E000404E6E /* LaunchScreen.storyboard in Resources */,
				2039D5781FD7F8E000404E6E /* Assets.xcassets in Resources */,
				2039D5761FD7F8E000404E6E /* Main.storyboard in Resources */,
			);
			runOnlyForDeploymentPostprocessing = 0;
		};
/* End PBXResourcesBuildPhase section */

/* Begin PBXSourcesBuildPhase section */
		2039D5691FD7F8E000404E6E /* Sources */ = {
			isa = PBXSourcesBuildPhase;
			buildActionMask = 2147483647;
			files = (
				2039D5731FD7F8E000404E6E /* ViewController.swift in Sources */,
				2039D5851FD7FA7C00404E6E /* ScalledCollectionView.swift in Sources */,
				2039D5711FD7F8E000404E6E /* AppDelegate.swift in Sources */,
				2039D5831FD7F9A400404E6E /* CALayer+Animations.swift in Sources */,
			);
			runOnlyForDeploymentPostprocessing = 0;
		};
/* End PBXSourcesBuildPhase section */

/* Begin PBXVariantGroup section */
		2039D5741FD7F8E000404E6E /* Main.storyboard */ = {
			isa = PBXVariantGroup;
			children = (
				2039D5751FD7F8E000404E6E /* Base */,
			);
			name = Main.storyboard;
			sourceTree = "<group>";
		};
		2039D5791FD7F8E000404E6E /* LaunchScreen.storyboard */ = {
			isa = PBXVariantGroup;
			children = (
				2039D57A1FD7F8E000404E6E /* Base */,
			);
			name = LaunchScreen.storyboard;
			sourceTree = "<group>";
		};
/* End PBXVariantGroup section */

/* Begin XCBuildConfiguration section */
		2039D57D1FD7F8E000404E6E /* Debug */ = {
			isa = XCBuildConfiguration;
			buildSettings = {
				ALWAYS_SEARCH_USER_PATHS = NO;
				CLANG_ANALYZER_NONNULL = YES;
				CLANG_ANALYZER_NUMBER_OBJECT_CONVERSION = YES_AGGRESSIVE;
				CLANG_CXX_LANGUAGE_STANDARD = "gnu++14";
				CLANG_CXX_LIBRARY = "libc++";
				CLANG_ENABLE_MODULES = YES;
				CLANG_ENABLE_OBJC_ARC = YES;
				CLANG_WARN_BLOCK_CAPTURE_AUTORELEASING = YES;
				CLANG_WARN_BOOL_CONVERSION = YES;
				CLANG_WARN_COMMA = YES;
				CLANG_WARN_CONSTANT_CONVERSION = YES;
				CLANG_WARN_DIRECT_OBJC_ISA_USAGE = YES_ERROR;
				CLANG_WARN_DOCUMENTATION_COMMENTS = YES;
				CLANG_WARN_EMPTY_BODY = YES;
				CLANG_WARN_ENUM_CONVERSION = YES;
				CLANG_WARN_INFINITE_RECURSION = YES;
				CLANG_WARN_INT_CONVERSION = YES;
				CLANG_WARN_NON_LITERAL_NULL_CONVERSION = YES;
				CLANG_WARN_OBJC_LITERAL_CONVERSION = YES;
				CLANG_WARN_OBJC_ROOT_CLASS = YES_ERROR;
				CLANG_WARN_RANGE_LOOP_ANALYSIS = YES;
				CLANG_WARN_STRICT_PROTOTYPES = YES;
				CLANG_WARN_SUSPICIOUS_MOVE = YES;
				CLANG_WARN_UNGUARDED_AVAILABILITY = YES_AGGRESSIVE;
				CLANG_WARN_UNREACHABLE_CODE = YES;
				CLANG_WARN__DUPLICATE_METHOD_MATCH = YES;
				CODE_SIGN_IDENTITY = "iPhone Developer";
				COPY_PHASE_STRIP = NO;
				DEBUG_INFORMATION_FORMAT = dwarf;
				ENABLE_STRICT_OBJC_MSGSEND = YES;
				ENABLE_TESTABILITY = YES;
				GCC_C_LANGUAGE_STANDARD = gnu11;
				GCC_DYNAMIC_NO_PIC = NO;
				GCC_NO_COMMON_BLOCKS = YES;
				GCC_OPTIMIZATION_LEVEL = 0;
				GCC_PREPROCESSOR_DEFINITIONS = (
					"DEBUG=1",
					"$(inherited)",
				);
				GCC_WARN_64_TO_32_BIT_CONVERSION = YES;
				GCC_WARN_ABOUT_RETURN_TYPE = YES_ERROR;
				GCC_WARN_UNDECLARED_SELECTOR = YES;
				GCC_WARN_UNINITIALIZED_AUTOS = YES_AGGRESSIVE;
				GCC_WARN_UNUSED_FUNCTION = YES;
				GCC_WARN_UNUSED_VARIABLE = YES;
				IPHONEOS_DEPLOYMENT_TARGET = 11.0;
				MTL_ENABLE_DEBUG_INFO = YES;
				ONLY_ACTIVE_ARCH = YES;
				SDKROOT = iphoneos;
				SWIFT_ACTIVE_COMPILATION_CONDITIONS = DEBUG;
				SWIFT_OPTIMIZATION_LEVEL = "-Onone";
			};
			name = Debug;
		};
		2039D57E1FD7F8E000404E6E /* Release */ = {
			isa = XCBuildConfiguration;
			buildSettings = {
				ALWAYS_SEARCH_USER_PATHS = NO;
				CLANG_ANALYZER_NONNULL = YES;
				CLANG_ANALYZER_NUMBER_OBJECT_CONVERSION = YES_AGGRESSIVE;
				CLANG_CXX_LANGUAGE_STANDARD = "gnu++14";
				CLANG_CXX_LIBRARY = "libc++";
				CLANG_ENABLE_MODULES = YES;
				CLANG_ENABLE_OBJC_ARC = YES;
				CLANG_WARN_BLOCK_CAPTURE_AUTORELEASING = YES;
				CLANG_WARN_BOOL_CONVERSION = YES;
				CLANG_WARN_COMMA = YES;
				CLANG_WARN_CONSTANT_CONVERSION = YES;
				CLANG_WARN_DIRECT_OBJC_ISA_USAGE = YES_ERROR;
				CLANG_WARN_DOCUMENTATION_COMMENTS = YES;
				CLANG_WARN_EMPTY_BODY = YES;
				CLANG_WARN_ENUM_CONVERSION = YES;
				CLANG_WARN_INFINITE_RECURSION = YES;
				CLANG_WARN_INT_CONVERSION = YES;
				CLANG_WARN_NON_LITERAL_NULL_CONVERSION = YES;
				CLANG_WARN_OBJC_LITERAL_CONVERSION = YES;
				CLANG_WARN_OBJC_ROOT_CLASS = YES_ERROR;
				CLANG_WARN_RANGE_LOOP_ANALYSIS = YES;
				CLANG_WARN_STRICT_PROTOTYPES = YES;
				CLANG_WARN_SUSPICIOUS_MOVE = YES;
				CLANG_WARN_UNGUARDED_AVAILABILITY = YES_AGGRESSIVE;
				CLANG_WARN_UNREACHABLE_CODE = YES;
				CLANG_WARN__DUPLICATE_METHOD_MATCH = YES;
				CODE_SIGN_IDENTITY = "iPhone Developer";
				COPY_PHASE_STRIP = NO;
				DEBUG_INFORMATION_FORMAT = "dwarf-with-dsym";
				ENABLE_NS_ASSERTIONS = NO;
				ENABLE_STRICT_OBJC_MSGSEND = YES;
				GCC_C_LANGUAGE_STANDARD = gnu11;
				GCC_NO_COMMON_BLOCKS = YES;
				GCC_WARN_64_TO_32_BIT_CONVERSION = YES;
				GCC_WARN_ABOUT_RETURN_TYPE = YES_ERROR;
				GCC_WARN_UNDECLARED_SELECTOR = YES;
				GCC_WARN_UNINITIALIZED_AUTOS = YES_AGGRESSIVE;
				GCC_WARN_UNUSED_FUNCTION = YES;
				GCC_WARN_UNUSED_VARIABLE = YES;
				IPHONEOS_DEPLOYMENT_TARGET = 11.0;
				MTL_ENABLE_DEBUG_INFO = NO;
				SDKROOT = iphoneos;
				SWIFT_OPTIMIZATION_LEVEL = "-Owholemodule";
				VALIDATE_PRODUCT = YES;
			};
			name = Release;
		};
		2039D5801FD7F8E100404E6E /* Debug */ = {
			isa = XCBuildConfiguration;
			buildSettings = {
				ASSETCATALOG_COMPILER_APPICON_NAME = AppIcon;
				CODE_SIGN_STYLE = Automatic;
				INFOPLIST_FILE = AnimatableCollectionView/Info.plist;
				LD_RUNPATH_SEARCH_PATHS = "$(inherited) @executable_path/Frameworks";
				PRODUCT_BUNDLE_IDENTIFIER = com.muthu.AnimatableCollectionView;
				PRODUCT_NAME = "$(TARGET_NAME)";
				SWIFT_VERSION = 4.0;
				TARGETED_DEVICE_FAMILY = "1,2";
			};
			name = Debug;
		};
		2039D5811FD7F8E100404E6E /* Release */ = {
			isa = XCBuildConfiguration;
			buildSettings = {
				ASSETCATALOG_COMPILER_APPICON_NAME = AppIcon;
				CODE_SIGN_STYLE = Automatic;
				INFOPLIST_FILE = AnimatableCollectionView/Info.plist;
				LD_RUNPATH_SEARCH_PATHS = "$(inherited) @executable_path/Frameworks";
				PRODUCT_BUNDLE_IDENTIFIER = com.muthu.AnimatableCollectionView;
				PRODUCT_NAME = "$(TARGET_NAME)";
				SWIFT_VERSION = 4.0;
				TARGETED_DEVICE_FAMILY = "1,2";
			};
			name = Release;
		};
/* End XCBuildConfiguration section */

/* Begin XCConfigurationList section */
		2039D5681FD7F8E000404E6E /* Build configuration list for PBXProject "AnimatableCollectionView" */ = {
			isa = XCConfigurationList;
			buildConfigurations = (
				2039D57D1FD7F8E000404E6E /* Debug */,
				2039D57E1FD7F8E000404E6E /* Release */,
			);
			defaultConfigurationIsVisible = 0;
			defaultConfigurationName = Release;
		};
		2039D57F1FD7F8E100404E6E /* Build configuration list for PBXNativeTarget "AnimatableCollectionView" */ = {
			isa = XCConfigurationList;
			buildConfigurations = (
				2039D5801FD7F8E100404E6E /* Debug */,
				2039D5811FD7F8E100404E6E /* Release */,
			);
			defaultConfigurationIsVisible = 0;
			defaultConfigurationName = Release;
		};
/* End XCConfigurationList section */
	};
	rootObject = 2039D5651FD7F8E000404E6E /* Project object */;
}
